// !$*UTF8*$!
{
	archiveVersion = 1;
	classes = {
	};
	objectVersion = 56;
	objects = {

/* Begin PBXBuildFile section */
		8826373F2CE618DC0078909D /* AppDelegate.swift in Sources */ = {isa = PBXBuildFile; fileRef = 8826373E2CE618DC0078909D /* AppDelegate.swift */; };
		882637412CE618DC0078909D /* SceneDelegate.swift in Sources */ = {isa = PBXBuildFile; fileRef = 882637402CE618DC0078909D /* SceneDelegate.swift */; };
		882637432CE618DC0078909D /* ViewController.swift in Sources */ = {isa = PBXBuildFile; fileRef = 882637422CE618DC0078909D /* ViewController.swift */; };
		882637462CE618DC0078909D /* Base in Resources */ = {isa = PBXBuildFile; fileRef = 882637452CE618DC0078909D /* Base */; };
		882637482CE618DF0078909D /* Assets.xcassets in Resources */ = {isa = PBXBuildFile; fileRef = 882637472CE618DF0078909D /* Assets.xcassets */; };
		8826374B2CE618DF0078909D /* Base in Resources */ = {isa = PBXBuildFile; fileRef = 8826374A2CE618DF0078909D /* Base */; };
		882637542CE625C30078909D /* ISMyTestNetworkCustomAdapter.swift in Sources */ = {isa = PBXBuildFile; fileRef = 882637532CE625C30078909D /* ISMyTestNetworkCustomAdapter.swift */; };
		882637562CE6262A0078909D /* ISMyTestNetworkCustomBanner.swift in Sources */ = {isa = PBXBuildFile; fileRef = 882637552CE6262A0078909D /* ISMyTestNetworkCustomBanner.swift */; };
		882637582CE62C5B0078909D /* ISMyTestNetworkCustomRewardedVideo.swift in Sources */ = {isa = PBXBuildFile; fileRef = 882637572CE62C5B0078909D /* ISMyTestNetworkCustomRewardedVideo.swift */; };
		B710ECF0F1E83DCAE5C87560 /* Pods_CustomAdapterIOS.framework in Frameworks */ = {isa = PBXBuildFile; fileRef = 9E65D66BD5BAD0CF00976938 /* Pods_CustomAdapterIOS.framework */; };
/* End PBXBuildFile section */

/* Begin PBXFileReference section */
		5D69C5BAF0077BC81C34A5B7 /* Pods-CustomAdapterIOS.debug.xcconfig */ = {isa = PBXFileReference; includeInIndex = 1; lastKnownFileType = text.xcconfig; name = "Pods-CustomAdapterIOS.debug.xcconfig"; path = "Target Support Files/Pods-CustomAdapterIOS/Pods-CustomAdapterIOS.debug.xcconfig"; sourceTree = "<group>"; };
		607C0F9AAA46D7EF97AFA287 /* Pods-CustomAdapterIOS.release.xcconfig */ = {isa = PBXFileReference; includeInIndex = 1; lastKnownFileType = text.xcconfig; name = "Pods-CustomAdapterIOS.release.xcconfig"; path = "Target Support Files/Pods-CustomAdapterIOS/Pods-CustomAdapterIOS.release.xcconfig"; sourceTree = "<group>"; };
		8826373B2CE618DC0078909D /* CustomAdapterIOS.app */ = {isa = PBXFileReference; explicitFileType = wrapper.application; includeInIndex = 0; path = CustomAdapterIOS.app; sourceTree = BUILT_PRODUCTS_DIR; };
		8826373E2CE618DC0078909D /* AppDelegate.swift */ = {isa = PBXFileReference; lastKnownFileType = sourcecode.swift; path = AppDelegate.swift; sourceTree = "<group>"; };
		882637402CE618DC0078909D /* SceneDelegate.swift */ = {isa = PBXFileReference; lastKnownFileType = sourcecode.swift; path = SceneDelegate.swift; sourceTree = "<group>"; };
		882637422CE618DC0078909D /* ViewController.swift */ = {isa = PBXFileReference; lastKnownFileType = sourcecode.swift; path = ViewController.swift; sourceTree = "<group>"; };
		882637452CE618DC0078909D /* Base */ = {isa = PBXFileReference; lastKnownFileType = file.storyboard; name = Base; path = Base.lproj/Main.storyboard; sourceTree = "<group>"; };
		882637472CE618DF0078909D /* Assets.xcassets */ = {isa = PBXFileReference; lastKnownFileType = folder.assetcatalog; path = Assets.xcassets; sourceTree = "<group>"; };
		8826374A2CE618DF0078909D /* Base */ = {isa = PBXFileReference; lastKnownFileType = file.storyboard; name = Base; path = Base.lproj/LaunchScreen.storyboard; sourceTree = "<group>"; };
		8826374C2CE618DF0078909D /* Info.plist */ = {isa = PBXFileReference; lastKnownFileType = text.plist.xml; path = Info.plist; sourceTree = "<group>"; };
		882637532CE625C30078909D /* ISMyTestNetworkCustomAdapter.swift */ = {isa = PBXFileReference; lastKnownFileType = sourcecode.swift; path = ISMyTestNetworkCustomAdapter.swift; sourceTree = "<group>"; };
		882637552CE6262A0078909D /* ISMyTestNetworkCustomBanner.swift */ = {isa = PBXFileReference; lastKnownFileType = sourcecode.swift; path = ISMyTestNetworkCustomBanner.swift; sourceTree = "<group>"; };
		882637572CE62C5B0078909D /* ISMyTestNetworkCustomRewardedVideo.swift */ = {isa = PBXFileReference; lastKnownFileType = sourcecode.swift; path = ISMyTestNetworkCustomRewardedVideo.swift; sourceTree = "<group>"; };
		9E65D66BD5BAD0CF00976938 /* Pods_CustomAdapterIOS.framework */ = {isa = PBXFileReference; explicitFileType = wrapper.framework; includeInIndex = 0; path = Pods_CustomAdapterIOS.framework; sourceTree = BUILT_PRODUCTS_DIR; };
/* End PBXFileReference section */

/* Begin PBXFrameworksBuildPhase section */
		882637382CE618DC0078909D /* Frameworks */ = {
			isa = PBXFrameworksBuildPhase;
			buildActionMask = 2147483647;
			files = (
				B710ECF0F1E83DCAE5C87560 /* Pods_CustomAdapterIOS.framework in Frameworks */,
			);
			runOnlyForDeploymentPostprocessing = 0;
		};
/* End PBXFrameworksBuildPhase section */

/* Begin PBXGroup section */
		7265B23A640BB4B8D8210C77 /* Pods */ = {
			isa = PBXGroup;
			children = (
				5D69C5BAF0077BC81C34A5B7 /* Pods-CustomAdapterIOS.debug.xcconfig */,
				607C0F9AAA46D7EF97AFA287 /* Pods-CustomAdapterIOS.release.xcconfig */,
			);
			path = Pods;
			sourceTree = "<group>";
		};
		882637322CE618DC0078909D = {
			isa = PBXGroup;
			children = (
				8826373D2CE618DC0078909D /* CustomAdapterIOS */,
				8826373C2CE618DC0078909D /* Products */,
				7265B23A640BB4B8D8210C77 /* Pods */,
				BFE76E419FEFAC7E577AD4A5 /* Frameworks */,
			);
			sourceTree = "<group>";
		};
		8826373C2CE618DC0078909D /* Products */ = {
			isa = PBXGroup;
			children = (
				8826373B2CE618DC0078909D /* CustomAdapterIOS.app */,
			);
			name = Products;
			sourceTree = "<group>";
		};
		8826373D2CE618DC0078909D /* CustomAdapterIOS */ = {
			isa = PBXGroup;
			children = (
				882637522CE6257E0078909D /* MyTestNetworkAdapter */,
				8826373E2CE618DC0078909D /* AppDelegate.swift */,
				882637402CE618DC0078909D /* SceneDelegate.swift */,
				882637422CE618DC0078909D /* ViewController.swift */,
				882637442CE618DC0078909D /* Main.storyboard */,
				882637472CE618DF0078909D /* Assets.xcassets */,
				882637492CE618DF0078909D /* LaunchScreen.storyboard */,
				8826374C2CE618DF0078909D /* Info.plist */,
			);
			path = CustomAdapterIOS;
			sourceTree = "<group>";
		};
		882637522CE6257E0078909D /* MyTestNetworkAdapter */ = {
			isa = PBXGroup;
			children = (
				882637532CE625C30078909D /* ISMyTestNetworkCustomAdapter.swift */,
				882637572CE62C5B0078909D /* ISMyTestNetworkCustomRewardedVideo.swift */,
				882637552CE6262A0078909D /* ISMyTestNetworkCustomBanner.swift */,
			);
			path = MyTestNetworkAdapter;
			sourceTree = "<group>";
		};
		BFE76E419FEFAC7E577AD4A5 /* Frameworks */ = {
			isa = PBXGroup;
			children = (
				9E65D66BD5BAD0CF00976938 /* Pods_CustomAdapterIOS.framework */,
			);
			name = Frameworks;
			sourceTree = "<group>";
		};
/* End PBXGroup section */

/* Begin PBXNativeTarget section */
		8826373A2CE618DC0078909D /* CustomAdapterIOS */ = {
			isa = PBXNativeTarget;
			buildConfigurationList = 8826374F2CE618DF0078909D /* Build configuration list for PBXNativeTarget "CustomAdapterIOS" */;
			buildPhases = (
				4EF437A19010FD5AC4BB97FC /* [CP] Check Pods Manifest.lock */,
				882637372CE618DC0078909D /* Sources */,
				882637382CE618DC0078909D /* Frameworks */,
				882637392CE618DC0078909D /* Resources */,
				B4F71353FB965BEBACF59670 /* [CP] Copy Pods Resources */,
			);
			buildRules = (
			);
			dependencies = (
			);
			name = CustomAdapterIOS;
			productName = CustomAdapterIOS;
			productReference = 8826373B2CE618DC0078909D /* CustomAdapterIOS.app */;
			productType = "com.apple.product-type.application";
		};
/* End PBXNativeTarget section */

/* Begin PBXProject section */
		882637332CE618DC0078909D /* Project object */ = {
			isa = PBXProject;
			attributes = {
				BuildIndependentTargetsInParallel = 1;
				LastSwiftUpdateCheck = 1540;
				LastUpgradeCheck = 1540;
				TargetAttributes = {
					8826373A2CE618DC0078909D = {
						CreatedOnToolsVersion = 15.4;
					};
				};
			};
			buildConfigurationList = 882637362CE618DC0078909D /* Build configuration list for PBXProject "CustomAdapterIOS" */;
			compatibilityVersion = "Xcode 14.0";
			developmentRegion = en;
			hasScannedForEncodings = 0;
			knownRegions = (
				en,
				Base,
			);
			mainGroup = 882637322CE618DC0078909D;
			productRefGroup = 8826373C2CE618DC0078909D /* Products */;
			projectDirPath = "";
			projectRoot = "";
			targets = (
				8826373A2CE618DC0078909D /* CustomAdapterIOS */,
			);
		};
/* End PBXProject section */

/* Begin PBXResourcesBuildPhase section */
		882637392CE618DC0078909D /* Resources */ = {
			isa = PBXResourcesBuildPhase;
			buildActionMask = 2147483647;
			files = (
				882637482CE618DF0078909D /* Assets.xcassets in Resources */,
				8826374B2CE618DF0078909D /* Base in Resources */,
				882637462CE618DC0078909D /* Base in Resources */,
			);
			runOnlyForDeploymentPostprocessing = 0;
		};
/* End PBXResourcesBuildPhase section */

/* Begin PBXShellScriptBuildPhase section */
		4EF437A19010FD5AC4BB97FC /* [CP] Check Pods Manifest.lock */ = {
			isa = PBXShellScriptBuildPhase;
			buildActionMask = 2147483647;
			files = (
			);
			inputFileListPaths = (
			);
			inputPaths = (
				"${PODS_PODFILE_DIR_PATH}/Podfile.lock",
				"${PODS_ROOT}/Manifest.lock",
			);
			name = "[CP] Check Pods Manifest.lock";
			outputFileListPaths = (
			);
			outputPaths = (
				"$(DERIVED_FILE_DIR)/Pods-CustomAdapterIOS-checkManifestLockResult.txt",
			);
			runOnlyForDeploymentPostprocessing = 0;
			shellPath = /bin/sh;
			shellScript = "diff \"${PODS_PODFILE_DIR_PATH}/Podfile.lock\" \"${PODS_ROOT}/Manifest.lock\" > /dev/null\nif [ $? != 0 ] ; then\n    # print error to STDERR\n    echo \"error: The sandbox is not in sync with the Podfile.lock. Run 'pod install' or update your CocoaPods installation.\" >&2\n    exit 1\nfi\n# This output is used by Xcode 'outputs' to avoid re-running this script phase.\necho \"SUCCESS\" > \"${SCRIPT_OUTPUT_FILE_0}\"\n";
			showEnvVarsInLog = 0;
		};
		B4F71353FB965BEBACF59670 /* [CP] Copy Pods Resources */ = {
			isa = PBXShellScriptBuildPhase;
			buildActionMask = 2147483647;
			files = (
			);
			inputFileListPaths = (
				"${PODS_ROOT}/Target Support Files/Pods-CustomAdapterIOS/Pods-CustomAdapterIOS-resources-${CONFIGURATION}-input-files.xcfilelist",
			);
			name = "[CP] Copy Pods Resources";
			outputFileListPaths = (
				"${PODS_ROOT}/Target Support Files/Pods-CustomAdapterIOS/Pods-CustomAdapterIOS-resources-${CONFIGURATION}-output-files.xcfilelist",
			);
			runOnlyForDeploymentPostprocessing = 0;
			shellPath = /bin/sh;
			shellScript = "\"${PODS_ROOT}/Target Support Files/Pods-CustomAdapterIOS/Pods-CustomAdapterIOS-resources.sh\"\n";
			showEnvVarsInLog = 0;
		};
/* End PBXShellScriptBuildPhase section */

/* Begin PBXSourcesBuildPhase section */
		882637372CE618DC0078909D /* Sources */ = {
			isa = PBXSourcesBuildPhase;
			buildActionMask = 2147483647;
			files = (
				882637562CE6262A0078909D /* ISMyTestNetworkCustomBanner.swift in Sources */,
				882637432CE618DC0078909D /* ViewController.swift in Sources */,
				882637542CE625C30078909D /* ISMyTestNetworkCustomAdapter.swift in Sources */,
				882637582CE62C5B0078909D /* ISMyTestNetworkCustomRewardedVideo.swift in Sources */,
				8826373F2CE618DC0078909D /* AppDelegate.swift in Sources */,
				882637412CE618DC0078909D /* SceneDelegate.swift in Sources */,
			);
			runOnlyForDeploymentPostprocessing = 0;
		};
/* End PBXSourcesBuildPhase section */

/* Begin PBXVariantGroup section */
		882637442CE618DC0078909D /* Main.storyboard */ = {
			isa = PBXVariantGroup;
			children = (
				882637452CE618DC0078909D /* Base */,
			);
			name = Main.storyboard;
			sourceTree = "<group>";
		};
		882637492CE618DF0078909D /* LaunchScreen.storyboard */ = {
			isa = PBXVariantGroup;
			children = (
				8826374A2CE618DF0078909D /* Base */,
			);
			name = LaunchScreen.storyboard;
			sourceTree = "<group>";
		};
/* End PBXVariantGroup section */

/* Begin XCBuildConfiguration section */
		8826374D2CE618DF0078909D /* Debug */ = {
			isa = XCBuildConfiguration;
			buildSettings = {
				ALWAYS_SEARCH_USER_PATHS = NO;
				ASSETCATALOG_COMPILER_GENERATE_SWIFT_ASSET_SYMBOL_EXTENSIONS = YES;
				CLANG_ANALYZER_NONNULL = YES;
				CLANG_ANALYZER_NUMBER_OBJECT_CONVERSION = YES_AGGRESSIVE;
				CLANG_CXX_LANGUAGE_STANDARD = "gnu++20";
				CLANG_ENABLE_MODULES = YES;
				CLANG_ENABLE_OBJC_ARC = YES;
				CLANG_ENABLE_OBJC_WEAK = YES;
				CLANG_WARN_BLOCK_CAPTURE_AUTORELEASING = YES;
				CLANG_WARN_BOOL_CONVERSION = YES;
				CLANG_WARN_COMMA = YES;
				CLANG_WARN_CONSTANT_CONVERSION = YES;
				CLANG_WARN_DEPRECATED_OBJC_IMPLEMENTATIONS = YES;
				CLANG_WARN_DIRECT_OBJC_ISA_USAGE = YES_ERROR;
				CLANG_WARN_DOCUMENTATION_COMMENTS = YES;
				CLANG_WARN_EMPTY_BODY = YES;
				CLANG_WARN_ENUM_CONVERSION = YES;
				CLANG_WARN_INFINITE_RECURSION = YES;
				CLANG_WARN_INT_CONVERSION = YES;
				CLANG_WARN_NON_LITERAL_NULL_CONVERSION = YES;
				CLANG_WARN_OBJC_IMPLICIT_RETAIN_SELF = YES;
				CLANG_WARN_OBJC_LITERAL_CONVERSION = YES;
				CLANG_WARN_OBJC_ROOT_CLASS = YES_ERROR;
				CLANG_WARN_QUOTED_INCLUDE_IN_FRAMEWORK_HEADER = YES;
				CLANG_WARN_RANGE_LOOP_ANALYSIS = YES;
				CLANG_WARN_STRICT_PROTOTYPES = YES;
				CLANG_WARN_SUSPICIOUS_MOVE = YES;
				CLANG_WARN_UNGUARDED_AVAILABILITY = YES_AGGRESSIVE;
				CLANG_WARN_UNREACHABLE_CODE = YES;
				CLANG_WARN__DUPLICATE_METHOD_MATCH = YES;
				COPY_PHASE_STRIP = NO;
				DEBUG_INFORMATION_FORMAT = dwarf;
				ENABLE_STRICT_OBJC_MSGSEND = YES;
				ENABLE_TESTABILITY = YES;
				ENABLE_USER_SCRIPT_SANDBOXING = NO;
				GCC_C_LANGUAGE_STANDARD = gnu17;
				GCC_DYNAMIC_NO_PIC = NO;
				GCC_NO_COMMON_BLOCKS = YES;
				GCC_OPTIMIZATION_LEVEL = 0;
				GCC_PREPROCESSOR_DEFINITIONS = (
					"DEBUG=1",
					"$(inherited)",
				);
				GCC_WARN_64_TO_32_BIT_CONVERSION = YES;
				GCC_WARN_ABOUT_RETURN_TYPE = YES_ERROR;
				GCC_WARN_UNDECLARED_SELECTOR = YES;
				GCC_WARN_UNINITIALIZED_AUTOS = YES_AGGRESSIVE;
				GCC_WARN_UNUSED_FUNCTION = YES;
				GCC_WARN_UNUSED_VARIABLE = YES;
				IPHONEOS_DEPLOYMENT_TARGET = 17.5;
				LOCALIZATION_PREFERS_STRING_CATALOGS = YES;
				MTL_ENABLE_DEBUG_INFO = INCLUDE_SOURCE;
				MTL_FAST_MATH = YES;
				ONLY_ACTIVE_ARCH = YES;
				SDKROOT = iphoneos;
				SWIFT_ACTIVE_COMPILATION_CONDITIONS = "DEBUG $(inherited)";
				SWIFT_OPTIMIZATION_LEVEL = "-Onone";
			};
			name = Debug;
		};
		8826374E2CE618DF0078909D /* Release */ = {
			isa = XCBuildConfiguration;
			buildSettings = {
				ALWAYS_SEARCH_USER_PATHS = NO;
				ASSETCATALOG_COMPILER_GENERATE_SWIFT_ASSET_SYMBOL_EXTENSIONS = YES;
				CLANG_ANALYZER_NONNULL = YES;
				CLANG_ANALYZER_NUMBER_OBJECT_CONVERSION = YES_AGGRESSIVE;
				CLANG_CXX_LANGUAGE_STANDARD = "gnu++20";
				CLANG_ENABLE_MODULES = YES;
				CLANG_ENABLE_OBJC_ARC = YES;
				CLANG_ENABLE_OBJC_WEAK = YES;
				CLANG_WARN_BLOCK_CAPTURE_AUTORELEASING = YES;
				CLANG_WARN_BOOL_CONVERSION = YES;
				CLANG_WARN_COMMA = YES;
				CLANG_WARN_CONSTANT_CONVERSION = YES;
				CLANG_WARN_DEPRECATED_OBJC_IMPLEMENTATIONS = YES;
				CLANG_WARN_DIRECT_OBJC_ISA_USAGE = YES_ERROR;
				CLANG_WARN_DOCUMENTATION_COMMENTS = YES;
				CLANG_WARN_EMPTY_BODY = YES;
				CLANG_WARN_ENUM_CONVERSION = YES;
				CLANG_WARN_INFINITE_RECURSION = YES;
				CLANG_WARN_INT_CONVERSION = YES;
				CLANG_WARN_NON_LITERAL_NULL_CONVERSION = YES;
				CLANG_WARN_OBJC_IMPLICIT_RETAIN_SELF = YES;
				CLANG_WARN_OBJC_LITERAL_CONVERSION = YES;
				CLANG_WARN_OBJC_ROOT_CLASS = YES_ERROR;
				CLANG_WARN_QUOTED_INCLUDE_IN_FRAMEWORK_HEADER = YES;
				CLANG_WARN_RANGE_LOOP_ANALYSIS = YES;
				CLANG_WARN_STRICT_PROTOTYPES = YES;
				CLANG_WARN_SUSPICIOUS_MOVE = YES;
				CLANG_WARN_UNGUARDED_AVAILABILITY = YES_AGGRESSIVE;
				CLANG_WARN_UNREACHABLE_CODE = YES;
				CLANG_WARN__DUPLICATE_METHOD_MATCH = YES;
				COPY_PHASE_STRIP = NO;
				DEBUG_INFORMATION_FORMAT = "dwarf-with-dsym";
				ENABLE_NS_ASSERTIONS = NO;
				ENABLE_STRICT_OBJC_MSGSEND = YES;
				ENABLE_USER_SCRIPT_SANDBOXING = NO;
				GCC_C_LANGUAGE_STANDARD = gnu17;
				GCC_NO_COMMON_BLOCKS = YES;
				GCC_WARN_64_TO_32_BIT_CONVERSION = YES;
				GCC_WARN_ABOUT_RETURN_TYPE = YES_ERROR;
				GCC_WARN_UNDECLARED_SELECTOR = YES;
				GCC_WARN_UNINITIALIZED_AUTOS = YES_AGGRESSIVE;
				GCC_WARN_UNUSED_FUNCTION = YES;
				GCC_WARN_UNUSED_VARIABLE = YES;
				IPHONEOS_DEPLOYMENT_TARGET = 17.5;
				LOCALIZATION_PREFERS_STRING_CATALOGS = YES;
				MTL_ENABLE_DEBUG_INFO = NO;
				MTL_FAST_MATH = YES;
				SDKROOT = iphoneos;
				SWIFT_COMPILATION_MODE = wholemodule;
				VALIDATE_PRODUCT = YES;
			};
			name = Release;
		};
		882637502CE618DF0078909D /* Debug */ = {
			isa = XCBuildConfiguration;
			baseConfigurationReference = 5D69C5BAF0077BC81C34A5B7 /* Pods-CustomAdapterIOS.debug.xcconfig */;
			buildSettings = {
				ASSETCATALOG_COMPILER_APPICON_NAME = AppIcon;
				ASSETCATALOG_COMPILER_GLOBAL_ACCENT_COLOR_NAME = AccentColor;
				CODE_SIGN_STYLE = Automatic;
				CURRENT_PROJECT_VERSION = 1;
				DEVELOPMENT_TEAM = CDGSGJ66WJ;
				ENABLE_USER_SCRIPT_SANDBOXING = NO;
				GENERATE_INFOPLIST_FILE = YES;
				INFOPLIST_FILE = CustomAdapterIOS/Info.plist;
				INFOPLIST_KEY_UIApplicationSupportsIndirectInputEvents = YES;
				INFOPLIST_KEY_UILaunchStoryboardName = LaunchScreen;
				INFOPLIST_KEY_UIMainStoryboardFile = Main;
				INFOPLIST_KEY_UISupportedInterfaceOrientations = UIInterfaceOrientationPortrait;
				LD_RUNPATH_SEARCH_PATHS = (
					"$(inherited)",
					"@executable_path/Frameworks",
				);
				MARKETING_VERSION = 1.0;
				PRODUCT_BUNDLE_IDENTIFIER = Unity.CustomAdapterIOS;
				PRODUCT_NAME = "$(TARGET_NAME)";
				SWIFT_EMIT_LOC_STRINGS = YES;
				SWIFT_OBJC_BRIDGING_HEADER = "";
				SWIFT_VERSION = 5.0;
				TARGETED_DEVICE_FAMILY = "1,2";
			};
			name = Debug;
		};
		882637512CE618DF0078909D /* Release */ = {
			isa = XCBuildConfiguration;
			baseConfigurationReference = 607C0F9AAA46D7EF97AFA287 /* Pods-CustomAdapterIOS.release.xcconfig */;
			buildSettings = {
				ASSETCATALOG_COMPILER_APPICON_NAME = AppIcon;
				ASSETCATALOG_COMPILER_GLOBAL_ACCENT_COLOR_NAME = AccentColor;
				CODE_SIGN_STYLE = Automatic;
				CURRENT_PROJECT_VERSION = 1;
				DEVELOPMENT_TEAM = CDGSGJ66WJ;
				ENABLE_USER_SCRIPT_SANDBOXING = NO;
				GENERATE_INFOPLIST_FILE = YES;
				INFOPLIST_FILE = CustomAdapterIOS/Info.plist;
				INFOPLIST_KEY_UIApplicationSupportsIndirectInputEvents = YES;
				INFOPLIST_KEY_UILaunchStoryboardName = LaunchScreen;
				INFOPLIST_KEY_UIMainStoryboardFile = Main;
				INFOPLIST_KEY_UISupportedInterfaceOrientations = UIInterfaceOrientationPortrait;
				LD_RUNPATH_SEARCH_PATHS = (
					"$(inherited)",
					"@executable_path/Frameworks",
				);
				MARKETING_VERSION = 1.0;
				PRODUCT_BUNDLE_IDENTIFIER = Unity.CustomAdapterIOS;
				PRODUCT_NAME = "$(TARGET_NAME)";
				SWIFT_EMIT_LOC_STRINGS = YES;
				SWIFT_OBJC_BRIDGING_HEADER = "";
				SWIFT_VERSION = 5.0;
				TARGETED_DEVICE_FAMILY = "1,2";
			};
			name = Release;
		};
/* End XCBuildConfiguration section */

/* Begin XCConfigurationList section */
		882637362CE618DC0078909D /* Build configuration list for PBXProject "CustomAdapterIOS" */ = {
			isa = XCConfigurationList;
			buildConfigurations = (
				8826374D2CE618DF0078909D /* Debug */,
				8826374E2CE618DF0078909D /* Release */,
			);
			defaultConfigurationIsVisible = 0;
			defaultConfigurationName = Release;
		};
		8826374F2CE618DF0078909D /* Build configuration list for PBXNativeTarget "CustomAdapterIOS" */ = {
			isa = XCConfigurationList;
			buildConfigurations = (
				882637502CE618DF0078909D /* Debug */,
				882637512CE618DF0078909D /* Release */,
			);
			defaultConfigurationIsVisible = 0;
			defaultConfigurationName = Release;
		};
/* End XCConfigurationList section */
	};
	rootObject = 882637332CE618DC0078909D /* Project object */;
}
