PODS:
  - IronSourceAdQualitySDK (7.22.0)
  - IronSourceSDK (8.4.0.0)

DEPENDENCIES:
  - IronSourceAdQualitySDK (= 7.22.0)
  - IronSourceSDK (= 8.4.0.0)

SPEC REPOS:
  trunk:
    - IronSourceAdQualitySDK
    - IronSourceSDK

SPEC CHECKSUMS:
  IronSourceAdQualitySDK: d46d3db3e352793357c5c3aa8b630ea5b98dc15e
  IronSourceSDK: 557a0edad39c2a48a225af07b491c672ca5acd36

PODFILE CHECKSUM: 3ecc16158b6fddcae9cef402c25d6f19e260f0d3

COCOAPODS: 1.15.2
